
Microsoft Visual Studio Solution File, Format Version 12.00
# Visual Studio Version 17
VisualStudioVersion = 17.11.34929.205
MinimumVisualStudioVersion = 10.0.40219.1
Project("{9A19103F-16F7-4668-BE54-9A1E7A4F7556}") = "DotNet8.VerticalSlice&CqrsExample.Api", "DotNet8.VerticalSlice&CqrsExample.Api\DotNet8.VerticalSlice&CqrsExample.Api.csproj", "{0103BDF9-8CCD-4B69-8D9B-9A831B183896}"
EndProject
Project("{FAE04EC0-301F-11D3-BF4B-00C04F79EFBC}") = "DotNet8.VerticalSlice&CqrsExample.DbService", "DotNet8.VerticalSlice&CqrsExample.DbService\DotNet8.VerticalSlice&CqrsExample.DbService.csproj", "{B4CDF76C-B5FC-420C-BC53-900DD9FE081C}"
EndProject
Project("{FAE04EC0-301F-11D3-BF4B-00C04F79EFBC}") = "DotNet8.VerticalSlice&CqrsExample.Models", "DotNet8.VerticalSlice&CqrsExample.Models\DotNet8.VerticalSlice&CqrsExample.Models.csproj", "{5D47167A-3591-47A4-A74E-BE2954F9FDB4}"
EndProject
Global
	GlobalSection(SolutionConfigurationPlatforms) = preSolution
		Debug|Any CPU = Debug|Any CPU
		Release|Any CPU = Release|Any CPU
	EndGlobalSection
	GlobalSection(ProjectConfigurationPlatforms) = postSolution
		{0103BDF9-8CCD-4B69-8D9B-9A831B183896}.Debug|Any CPU.ActiveCfg = Debug|Any CPU
		{0103BDF9-8CCD-4B69-8D9B-9A831B183896}.Debug|Any CPU.Build.0 = Debug|Any CPU
		{0103BDF9-8CCD-4B69-8D9B-9A831B183896}.Release|Any CPU.ActiveCfg = Release|Any CPU
		{0103BDF9-8CCD-4B69-8D9B-9A831B183896}.Release|Any CPU.Build.0 = Release|Any CPU
		{B4CDF76C-B5FC-420C-BC53-900DD9FE081C}.Debug|Any CPU.ActiveCfg = Debug|Any CPU
		{B4CDF76C-B5FC-420C-BC53-900DD9FE081C}.Debug|Any CPU.Build.0 = Debug|Any CPU
		{B4CDF76C-B5FC-420C-BC53-900DD9FE081C}.Release|Any CPU.ActiveCfg = Release|Any CPU
		{B4CDF76C-B5FC-420C-BC53-900DD9FE081C}.Release|Any CPU.Build.0 = Release|Any CPU
		{5D47167A-3591-47A4-A74E-BE2954F9FDB4}.Debug|Any CPU.ActiveCfg = Debug|Any CPU
		{5D47167A-3591-47A4-A74E-BE2954F9FDB4}.Debug|Any CPU.Build.0 = Debug|Any CPU
		{5D47167A-3591-47A4-A74E-BE2954F9FDB4}.Release|Any CPU.ActiveCfg = Release|Any CPU
		{5D47167A-3591-47A4-A74E-BE2954F9FDB4}.Release|Any CPU.Build.0 = Release|Any CPU
	EndGlobalSection
	GlobalSection(SolutionProperties) = preSolution
		HideSolutionNode = FALSE
	EndGlobalSection
	GlobalSection(ExtensibilityGlobals) = postSolution
		SolutionGuid = {C47598E5-7743-4C3E-98BE-3472470453ED}
	EndGlobalSection
EndGlobal
